
Microsoft Visual Studio Solution File, Format Version 12.00
# Visual Studio 14
VisualStudioVersion = 14.0.25123.0
MinimumVisualStudioVersion = 10.0.40219.1
Project("{8BC9CEB8-8B4A-11D0-8D11-00A0C91BC942}") = "Graphics", "Graphics.vcxproj", "{D140C822-AB38-4656-90F7-A648D6870CF7}"
EndProject
Project("{8BC9CEB8-8B4A-11D0-8D11-00A0C91BC942}") = "01-HelloTriangle", "Tests\01-HelloTriangle\01-HelloTriangle.vcxproj", "{FCFBE864-181C-4EA9-9468-64F112E54233}"
	ProjectSection(ProjectDependencies) = postProject
		{D140C822-AB38-4656-90F7-A648D6870CF7} = {D140C822-AB38-4656-90F7-A648D6870CF7}
	EndProjectSection
EndProject
Project("{8BC9CEB8-8B4A-11D0-8D11-00A0C91BC942}") = "UniTex", "..\UniTex\UniTex.vcxproj", "{1FDF82BA-0AEF-4016-BCF4-DAEA350D0F36}"
	ProjectSection(ProjectDependencies) = postProject
		{D140C822-AB38-4656-90F7-A648D6870CF7} = {D140C822-AB38-4656-90F7-A648D6870CF7}
	EndProjectSection
EndProject
Global
	GlobalSection(SolutionConfigurationPlatforms) = preSolution
		Debug|x64 = Debug|x64
		Debug|x86 = Debug|x86
		Release|x64 = Release|x64
		Release|x86 = Release|x86
	EndGlobalSection
	GlobalSection(ProjectConfigurationPlatforms) = postSolution
		{D140C822-AB38-4656-90F7-A648D6870CF7}.Debug|x64.ActiveCfg = Debug|x64
		{D140C822-AB38-4656-90F7-A648D6870CF7}.Debug|x64.Build.0 = Debug|x64
		{D140C822-AB38-4656-90F7-A648D6870CF7}.Debug|x86.ActiveCfg = Debug|Win32
		{D140C822-AB38-4656-90F7-A648D6870CF7}.Debug|x86.Build.0 = Debug|Win32
		{D140C822-AB38-4656-90F7-A648D6870CF7}.Release|x64.ActiveCfg = Release|x64
		{D140C822-AB38-4656-90F7-A648D6870CF7}.Release|x64.Build.0 = Release|x64
		{D140C822-AB38-4656-90F7-A648D6870CF7}.Release|x86.ActiveCfg = Release|Win32
		{D140C822-AB38-4656-90F7-A648D6870CF7}.Release|x86.Build.0 = Release|Win32
		{FCFBE864-181C-4EA9-9468-64F112E54233}.Debug|x64.ActiveCfg = Debug|x64
		{FCFBE864-181C-4EA9-9468-64F112E54233}.Debug|x64.Build.0 = Debug|x64
		{FCFBE864-181C-4EA9-9468-64F112E54233}.Debug|x86.ActiveCfg = Debug|Win32
		{FCFBE864-181C-4EA9-9468-64F112E54233}.Debug|x86.Build.0 = Debug|Win32
		{FCFBE864-181C-4EA9-9468-64F112E54233}.Release|x64.ActiveCfg = Release|x64
		{FCFBE864-181C-4EA9-9468-64F112E54233}.Release|x64.Build.0 = Release|x64
		{FCFBE864-181C-4EA9-9468-64F112E54233}.Release|x86.ActiveCfg = Release|Win32
		{FCFBE864-181C-4EA9-9468-64F112E54233}.Release|x86.Build.0 = Release|Win32
		{1FDF82BA-0AEF-4016-BCF4-DAEA350D0F36}.Debug|x64.ActiveCfg = Debug|x64
		{1FDF82BA-0AEF-4016-BCF4-DAEA350D0F36}.Debug|x64.Build.0 = Debug|x64
		{1FDF82BA-0AEF-4016-BCF4-DAEA350D0F36}.Debug|x86.ActiveCfg = Debug|Win32
		{1FDF82BA-0AEF-4016-BCF4-DAEA350D0F36}.Debug|x86.Build.0 = Debug|Win32
		{1FDF82BA-0AEF-4016-BCF4-DAEA350D0F36}.Release|x64.ActiveCfg = Release|x64
		{1FDF82BA-0AEF-4016-BCF4-DAEA350D0F36}.Release|x64.Build.0 = Release|x64
		{1FDF82BA-0AEF-4016-BCF4-DAEA350D0F36}.Release|x86.ActiveCfg = Release|Win32
		{1FDF82BA-0AEF-4016-BCF4-DAEA350D0F36}.Release|x86.Build.0 = Release|Win32
	EndGlobalSection
	GlobalSection(SolutionProperties) = preSolution
		HideSolutionNode = FALSE
	EndGlobalSection
EndGlobal
