
Microsoft Visual Studio Solution File, Format Version 12.00
# Visual Studio 14
VisualStudioVersion = 14.0.25123.0
MinimumVisualStudioVersion = 10.0.40219.1
Project("{8BC9CEB8-8B4A-11D0-8D11-00A0C91BC942}") = "Graphics", "Graphics.vcxproj", "{D140C822-AB38-4656-90F7-A648D6870CF7}"
EndProject
Project("{8BC9CEB8-8B4A-11D0-8D11-00A0C91BC942}") = "01-HelloTriangle", "Tests\01-HelloTriangle\01-HelloTriangle.vcxproj", "{FCFBE864-181C-4EA9-9468-64F112E54233}"
	ProjectSection(ProjectDependencies) = postProject
		{D140C822-AB38-4656-90F7-A648D6870CF7} = {D140C822-AB38-4656-90F7-A648D6870CF7}
	EndProjectSection
EndProject
Project("{8BC9CEB8-8B4A-11D0-8D11-00A0C91BC942}") = "UniTex", "Tests\UniTex\UniTex.vcxproj", "{1FDF82BA-0AEF-4016-BCF4-DAEA350D0F36}"
	ProjectSection(ProjectDependencies) = postProject
		{D140C822-AB38-4656-90F7-A648D6870CF7} = {D140C822-AB38-4656-90F7-A648D6870CF7}
	EndProjectSection
EndProject
Project("{8BC9CEB8-8B4A-11D0-8D11-00A0C91BC942}") = "04-FromDisk", "Tests\04-FromDisk\04-FromDisk.vcxproj", "{2BC8E048-D255-4F6C-99C1-31D5A13D5E56}"
	ProjectSection(ProjectDependencies) = postProject
		{D140C822-AB38-4656-90F7-A648D6870CF7} = {D140C822-AB38-4656-90F7-A648D6870CF7}
	EndProjectSection
EndProject
Project("{8BC9CEB8-8B4A-11D0-8D11-00A0C91BC942}") = "shader", "resources\shader\shader.vcxproj", "{91F99188-C4D8-4D73-8DF8-870F097754CD}"
EndProject
Project("{8BC9CEB8-8B4A-11D0-8D11-00A0C91BC942}") = "05-MVP", "Tests\05-MVP\05-MVP.vcxproj", "{84240E5D-F025-491E-BB1E-CE0E096088AC}"
EndProject
Project("{8BC9CEB8-8B4A-11D0-8D11-00A0C91BC942}") = "07-Materials", "Tests\07-Materials\07-Materials.vcxproj", "{A49E4102-473C-4551-906E-EBEE0BD709DF}"
	ProjectSection(ProjectDependencies) = postProject
		{D140C822-AB38-4656-90F7-A648D6870CF7} = {D140C822-AB38-4656-90F7-A648D6870CF7}
	EndProjectSection
EndProject
Project("{8BC9CEB8-8B4A-11D0-8D11-00A0C91BC942}") = "09-Shadow", "Tests\09-Shadow\09-Shadow.vcxproj", "{785FB5AB-7F71-472C-B814-A7F63845B9A9}"
	ProjectSection(ProjectDependencies) = postProject
		{D140C822-AB38-4656-90F7-A648D6870CF7} = {D140C822-AB38-4656-90F7-A648D6870CF7}
		{91F99188-C4D8-4D73-8DF8-870F097754CD} = {91F99188-C4D8-4D73-8DF8-870F097754CD}
	EndProjectSection
EndProject
Project("{8BC9CEB8-8B4A-11D0-8D11-00A0C91BC942}") = "10-Deferred", "Tests\10-Deferred\10-Deferred.vcxproj", "{38B9606B-2359-4F85-8654-71632CFE0966}"
	ProjectSection(ProjectDependencies) = postProject
		{D140C822-AB38-4656-90F7-A648D6870CF7} = {D140C822-AB38-4656-90F7-A648D6870CF7}
	EndProjectSection
EndProject
Project("{8BC9CEB8-8B4A-11D0-8D11-00A0C91BC942}") = "AssessmentProject", "Tests\AssessmentProject\AssessmentProject.vcxproj", "{FC36214D-A166-4C4F-9060-572828936C9D}"
	ProjectSection(ProjectDependencies) = postProject
		{D140C822-AB38-4656-90F7-A648D6870CF7} = {D140C822-AB38-4656-90F7-A648D6870CF7}
	EndProjectSection
EndProject
Global
	GlobalSection(SolutionConfigurationPlatforms) = preSolution
		Debug|x64 = Debug|x64
		Debug|x86 = Debug|x86
		Release|x64 = Release|x64
		Release|x86 = Release|x86
	EndGlobalSection
	GlobalSection(ProjectConfigurationPlatforms) = postSolution
		{D140C822-AB38-4656-90F7-A648D6870CF7}.Debug|x64.ActiveCfg = Debug|x64
		{D140C822-AB38-4656-90F7-A648D6870CF7}.Debug|x64.Build.0 = Debug|x64
		{D140C822-AB38-4656-90F7-A648D6870CF7}.Debug|x86.ActiveCfg = Debug|Win32
		{D140C822-AB38-4656-90F7-A648D6870CF7}.Debug|x86.Build.0 = Debug|Win32
		{D140C822-AB38-4656-90F7-A648D6870CF7}.Release|x64.ActiveCfg = Release|x64
		{D140C822-AB38-4656-90F7-A648D6870CF7}.Release|x64.Build.0 = Release|x64
		{D140C822-AB38-4656-90F7-A648D6870CF7}.Release|x86.ActiveCfg = Release|Win32
		{D140C822-AB38-4656-90F7-A648D6870CF7}.Release|x86.Build.0 = Release|Win32
		{FCFBE864-181C-4EA9-9468-64F112E54233}.Debug|x64.ActiveCfg = Debug|x64
		{FCFBE864-181C-4EA9-9468-64F112E54233}.Debug|x64.Build.0 = Debug|x64
		{FCFBE864-181C-4EA9-9468-64F112E54233}.Debug|x86.ActiveCfg = Debug|Win32
		{FCFBE864-181C-4EA9-9468-64F112E54233}.Debug|x86.Build.0 = Debug|Win32
		{FCFBE864-181C-4EA9-9468-64F112E54233}.Release|x64.ActiveCfg = Release|x64
		{FCFBE864-181C-4EA9-9468-64F112E54233}.Release|x64.Build.0 = Release|x64
		{FCFBE864-181C-4EA9-9468-64F112E54233}.Release|x86.ActiveCfg = Release|Win32
		{FCFBE864-181C-4EA9-9468-64F112E54233}.Release|x86.Build.0 = Release|Win32
		{1FDF82BA-0AEF-4016-BCF4-DAEA350D0F36}.Debug|x64.ActiveCfg = Debug|x64
		{1FDF82BA-0AEF-4016-BCF4-DAEA350D0F36}.Debug|x64.Build.0 = Debug|x64
		{1FDF82BA-0AEF-4016-BCF4-DAEA350D0F36}.Debug|x86.ActiveCfg = Debug|Win32
		{1FDF82BA-0AEF-4016-BCF4-DAEA350D0F36}.Debug|x86.Build.0 = Debug|Win32
		{1FDF82BA-0AEF-4016-BCF4-DAEA350D0F36}.Release|x64.ActiveCfg = Release|x64
		{1FDF82BA-0AEF-4016-BCF4-DAEA350D0F36}.Release|x64.Build.0 = Release|x64
		{1FDF82BA-0AEF-4016-BCF4-DAEA350D0F36}.Release|x86.ActiveCfg = Release|Win32
		{1FDF82BA-0AEF-4016-BCF4-DAEA350D0F36}.Release|x86.Build.0 = Release|Win32
		{2BC8E048-D255-4F6C-99C1-31D5A13D5E56}.Debug|x64.ActiveCfg = Debug|x64
		{2BC8E048-D255-4F6C-99C1-31D5A13D5E56}.Debug|x64.Build.0 = Debug|x64
		{2BC8E048-D255-4F6C-99C1-31D5A13D5E56}.Debug|x86.ActiveCfg = Debug|Win32
		{2BC8E048-D255-4F6C-99C1-31D5A13D5E56}.Debug|x86.Build.0 = Debug|Win32
		{2BC8E048-D255-4F6C-99C1-31D5A13D5E56}.Release|x64.ActiveCfg = Release|x64
		{2BC8E048-D255-4F6C-99C1-31D5A13D5E56}.Release|x64.Build.0 = Release|x64
		{2BC8E048-D255-4F6C-99C1-31D5A13D5E56}.Release|x86.ActiveCfg = Release|Win32
		{2BC8E048-D255-4F6C-99C1-31D5A13D5E56}.Release|x86.Build.0 = Release|Win32
		{91F99188-C4D8-4D73-8DF8-870F097754CD}.Debug|x64.ActiveCfg = Debug|x64
		{91F99188-C4D8-4D73-8DF8-870F097754CD}.Debug|x64.Build.0 = Debug|x64
		{91F99188-C4D8-4D73-8DF8-870F097754CD}.Debug|x86.ActiveCfg = Debug|Win32
		{91F99188-C4D8-4D73-8DF8-870F097754CD}.Debug|x86.Build.0 = Debug|Win32
		{91F99188-C4D8-4D73-8DF8-870F097754CD}.Release|x64.ActiveCfg = Release|x64
		{91F99188-C4D8-4D73-8DF8-870F097754CD}.Release|x64.Build.0 = Release|x64
		{91F99188-C4D8-4D73-8DF8-870F097754CD}.Release|x86.ActiveCfg = Release|Win32
		{91F99188-C4D8-4D73-8DF8-870F097754CD}.Release|x86.Build.0 = Release|Win32
		{84240E5D-F025-491E-BB1E-CE0E096088AC}.Debug|x64.ActiveCfg = Debug|x64
		{84240E5D-F025-491E-BB1E-CE0E096088AC}.Debug|x64.Build.0 = Debug|x64
		{84240E5D-F025-491E-BB1E-CE0E096088AC}.Debug|x86.ActiveCfg = Debug|Win32
		{84240E5D-F025-491E-BB1E-CE0E096088AC}.Debug|x86.Build.0 = Debug|Win32
		{84240E5D-F025-491E-BB1E-CE0E096088AC}.Release|x64.ActiveCfg = Release|x64
		{84240E5D-F025-491E-BB1E-CE0E096088AC}.Release|x64.Build.0 = Release|x64
		{84240E5D-F025-491E-BB1E-CE0E096088AC}.Release|x86.ActiveCfg = Release|Win32
		{84240E5D-F025-491E-BB1E-CE0E096088AC}.Release|x86.Build.0 = Release|Win32
		{A49E4102-473C-4551-906E-EBEE0BD709DF}.Debug|x64.ActiveCfg = Debug|x64
		{A49E4102-473C-4551-906E-EBEE0BD709DF}.Debug|x64.Build.0 = Debug|x64
		{A49E4102-473C-4551-906E-EBEE0BD709DF}.Debug|x86.ActiveCfg = Debug|Win32
		{A49E4102-473C-4551-906E-EBEE0BD709DF}.Debug|x86.Build.0 = Debug|Win32
		{A49E4102-473C-4551-906E-EBEE0BD709DF}.Release|x64.ActiveCfg = Release|x64
		{A49E4102-473C-4551-906E-EBEE0BD709DF}.Release|x64.Build.0 = Release|x64
		{A49E4102-473C-4551-906E-EBEE0BD709DF}.Release|x86.ActiveCfg = Release|Win32
		{A49E4102-473C-4551-906E-EBEE0BD709DF}.Release|x86.Build.0 = Release|Win32
		{785FB5AB-7F71-472C-B814-A7F63845B9A9}.Debug|x64.ActiveCfg = Debug|x64
		{785FB5AB-7F71-472C-B814-A7F63845B9A9}.Debug|x64.Build.0 = Debug|x64
		{785FB5AB-7F71-472C-B814-A7F63845B9A9}.Debug|x86.ActiveCfg = Debug|Win32
		{785FB5AB-7F71-472C-B814-A7F63845B9A9}.Debug|x86.Build.0 = Debug|Win32
		{785FB5AB-7F71-472C-B814-A7F63845B9A9}.Release|x64.ActiveCfg = Release|x64
		{785FB5AB-7F71-472C-B814-A7F63845B9A9}.Release|x64.Build.0 = Release|x64
		{785FB5AB-7F71-472C-B814-A7F63845B9A9}.Release|x86.ActiveCfg = Release|Win32
		{785FB5AB-7F71-472C-B814-A7F63845B9A9}.Release|x86.Build.0 = Release|Win32
		{38B9606B-2359-4F85-8654-71632CFE0966}.Debug|x64.ActiveCfg = Debug|x64
		{38B9606B-2359-4F85-8654-71632CFE0966}.Debug|x64.Build.0 = Debug|x64
		{38B9606B-2359-4F85-8654-71632CFE0966}.Debug|x86.ActiveCfg = Debug|Win32
		{38B9606B-2359-4F85-8654-71632CFE0966}.Debug|x86.Build.0 = Debug|Win32
		{38B9606B-2359-4F85-8654-71632CFE0966}.Release|x64.ActiveCfg = Release|x64
		{38B9606B-2359-4F85-8654-71632CFE0966}.Release|x64.Build.0 = Release|x64
		{38B9606B-2359-4F85-8654-71632CFE0966}.Release|x86.ActiveCfg = Release|Win32
		{38B9606B-2359-4F85-8654-71632CFE0966}.Release|x86.Build.0 = Release|Win32
		{FC36214D-A166-4C4F-9060-572828936C9D}.Debug|x64.ActiveCfg = Debug|x64
		{FC36214D-A166-4C4F-9060-572828936C9D}.Debug|x64.Build.0 = Debug|x64
		{FC36214D-A166-4C4F-9060-572828936C9D}.Debug|x86.ActiveCfg = Debug|Win32
		{FC36214D-A166-4C4F-9060-572828936C9D}.Debug|x86.Build.0 = Debug|Win32
		{FC36214D-A166-4C4F-9060-572828936C9D}.Release|x64.ActiveCfg = Release|x64
		{FC36214D-A166-4C4F-9060-572828936C9D}.Release|x64.Build.0 = Release|x64
		{FC36214D-A166-4C4F-9060-572828936C9D}.Release|x86.ActiveCfg = Release|Win32
		{FC36214D-A166-4C4F-9060-572828936C9D}.Release|x86.Build.0 = Release|Win32
	EndGlobalSection
	GlobalSection(SolutionProperties) = preSolution
		HideSolutionNode = FALSE
	EndGlobalSection
EndGlobal
